// !$*UTF8*$!
{
	archiveVersion = 1;
	classes = {
	};
	objectVersion = 55;
	objects = {

/* Begin PBXBuildFile section */
		BE06AB3627E8857E000B00F1 /* FTUEView.swift in Sources */ = {isa = PBXBuildFile; fileRef = BE06AB3527E8857E000B00F1 /* FTUEView.swift */; };
		BE06AB3827E8869C000B00F1 /* FTUE1.swift in Sources */ = {isa = PBXBuildFile; fileRef = BE06AB3727E8869C000B00F1 /* FTUE1.swift */; };
		BE06AB3A27E886AA000B00F1 /* FTUE2.swift in Sources */ = {isa = PBXBuildFile; fileRef = BE06AB3927E886AA000B00F1 /* FTUE2.swift */; };
		BE06AB3C27E886B6000B00F1 /* FTUE3.swift in Sources */ = {isa = PBXBuildFile; fileRef = BE06AB3B27E886B6000B00F1 /* FTUE3.swift */; };
		BE06AB3E27E886C0000B00F1 /* FTUE4.swift in Sources */ = {isa = PBXBuildFile; fileRef = BE06AB3D27E886C0000B00F1 /* FTUE4.swift */; };
		BE06AB4027E88E47000B00F1 /* FTUEViewModel.swift in Sources */ = {isa = PBXBuildFile; fileRef = BE06AB3F27E88E47000B00F1 /* FTUEViewModel.swift */; };
		BE0FE30C27DF503500AD3219 /* HKBloodType+StringRepresentation.swift in Sources */ = {isa = PBXBuildFile; fileRef = BE0FE30B27DF503500AD3219 /* HKBloodType+StringRepresentation.swift */; };
		BE0FE30D27DF503500AD3219 /* HKBiologicalSex+StringRepresentation.swift in Sources */ = {isa = PBXBuildFile; fileRef = BE0FE30A27DF503500AD3219 /* HKBiologicalSex+StringRepresentation.swift */; };
		BE2FA14B27DF474C0032DD9C /* UserHealthProfile.swift in Sources */ = {isa = PBXBuildFile; fileRef = BE2FA14A27DF474C0032DD9C /* UserHealthProfile.swift */; };
		BE2FA14D27DF47830032DD9C /* ProfileDataStore.swift in Sources */ = {isa = PBXBuildFile; fileRef = BE2FA14C27DF47830032DD9C /* ProfileDataStore.swift */; };
		BE2FA14F27DF47AB0032DD9C /* HealthKitSetupAssistant.swift in Sources */ = {isa = PBXBuildFile; fileRef = BE2FA14E27DF47AB0032DD9C /* HealthKitSetupAssistant.swift */; };
		BE2FA15227DF48210032DD9C /* HealthViewModel.swift in Sources */ = {isa = PBXBuildFile; fileRef = BE2FA15127DF48210032DD9C /* HealthViewModel.swift */; };
		BE2FA15727DF4A920032DD9C /* HealthKit.framework in Frameworks */ = {isa = PBXBuildFile; fileRef = BE2FA15627DF4A920032DD9C /* HealthKit.framework */; };
		BE30F76F27DB3DFA008DDDC4 /* HealthView.swift in Sources */ = {isa = PBXBuildFile; fileRef = BE30F76E27DB3DF9008DDDC4 /* HealthView.swift */; };
		BE30F77227DB472D008DDDC4 /* MainView.swift in Sources */ = {isa = PBXBuildFile; fileRef = BE30F77127DB472D008DDDC4 /* MainView.swift */; };
		BE33CB9B27D5E335001A2DFC /* CNTJewelryApp.swift in Sources */ = {isa = PBXBuildFile; fileRef = BE33CB9A27D5E335001A2DFC /* CNTJewelryApp.swift */; };
		BE33CB9D27D5E335001A2DFC /* ContentView.swift in Sources */ = {isa = PBXBuildFile; fileRef = BE33CB9C27D5E335001A2DFC /* ContentView.swift */; };
		BE33CB9F27D5E33B001A2DFC /* Assets.xcassets in Resources */ = {isa = PBXBuildFile; fileRef = BE33CB9E27D5E33B001A2DFC /* Assets.xcassets */; };
		BE33CBA227D5E33B001A2DFC /* Preview Assets.xcassets in Resources */ = {isa = PBXBuildFile; fileRef = BE33CBA127D5E33B001A2DFC /* Preview Assets.xcassets */; };
		BE33CBAD27D5E3F2001A2DFC /* LoginView.swift in Sources */ = {isa = PBXBuildFile; fileRef = BE33CBAC27D5E3F2001A2DFC /* LoginView.swift */; };
		BE33CBAF27D5F42C001A2DFC /* LoginViewModel.swift in Sources */ = {isa = PBXBuildFile; fileRef = BE33CBAE27D5F42C001A2DFC /* LoginViewModel.swift */; };
/* End PBXBuildFile section */

/* Begin PBXFileReference section */
		BE06AB3527E8857E000B00F1 /* FTUEView.swift */ = {isa = PBXFileReference; lastKnownFileType = sourcecode.swift; path = FTUEView.swift; sourceTree = "<group>"; };
		BE06AB3727E8869C000B00F1 /* FTUE1.swift */ = {isa = PBXFileReference; lastKnownFileType = sourcecode.swift; path = FTUE1.swift; sourceTree = "<group>"; };
		BE06AB3927E886AA000B00F1 /* FTUE2.swift */ = {isa = PBXFileReference; lastKnownFileType = sourcecode.swift; path = FTUE2.swift; sourceTree = "<group>"; };
		BE06AB3B27E886B6000B00F1 /* FTUE3.swift */ = {isa = PBXFileReference; lastKnownFileType = sourcecode.swift; path = FTUE3.swift; sourceTree = "<group>"; };
		BE06AB3D27E886C0000B00F1 /* FTUE4.swift */ = {isa = PBXFileReference; lastKnownFileType = sourcecode.swift; path = FTUE4.swift; sourceTree = "<group>"; };
		BE06AB3F27E88E47000B00F1 /* FTUEViewModel.swift */ = {isa = PBXFileReference; lastKnownFileType = sourcecode.swift; path = FTUEViewModel.swift; sourceTree = "<group>"; };
		BE0FE30A27DF503500AD3219 /* HKBiologicalSex+StringRepresentation.swift */ = {isa = PBXFileReference; lastKnownFileType = sourcecode.swift; path = "HKBiologicalSex+StringRepresentation.swift"; sourceTree = "<group>"; };
		BE0FE30B27DF503500AD3219 /* HKBloodType+StringRepresentation.swift */ = {isa = PBXFileReference; lastKnownFileType = sourcecode.swift; path = "HKBloodType+StringRepresentation.swift"; sourceTree = "<group>"; };
		BE2FA14A27DF474C0032DD9C /* UserHealthProfile.swift */ = {isa = PBXFileReference; lastKnownFileType = sourcecode.swift; path = UserHealthProfile.swift; sourceTree = "<group>"; };
		BE2FA14C27DF47830032DD9C /* ProfileDataStore.swift */ = {isa = PBXFileReference; lastKnownFileType = sourcecode.swift; path = ProfileDataStore.swift; sourceTree = "<group>"; };
		BE2FA14E27DF47AB0032DD9C /* HealthKitSetupAssistant.swift */ = {isa = PBXFileReference; lastKnownFileType = sourcecode.swift; path = HealthKitSetupAssistant.swift; sourceTree = "<group>"; };
		BE2FA15127DF48210032DD9C /* HealthViewModel.swift */ = {isa = PBXFileReference; lastKnownFileType = sourcecode.swift; path = HealthViewModel.swift; sourceTree = "<group>"; };
		BE2FA15327DF49CF0032DD9C /* Info.plist */ = {isa = PBXFileReference; lastKnownFileType = text.plist; path = Info.plist; sourceTree = "<group>"; };
		BE2FA15427DF4A920032DD9C /* CNTJewelry.entitlements */ = {isa = PBXFileReference; lastKnownFileType = text.plist.entitlements; path = CNTJewelry.entitlements; sourceTree = "<group>"; };
		BE2FA15627DF4A920032DD9C /* HealthKit.framework */ = {isa = PBXFileReference; lastKnownFileType = wrapper.framework; name = HealthKit.framework; path = System/Library/Frameworks/HealthKit.framework; sourceTree = SDKROOT; };
		BE30F76E27DB3DF9008DDDC4 /* HealthView.swift */ = {isa = PBXFileReference; lastKnownFileType = sourcecode.swift; path = HealthView.swift; sourceTree = "<group>"; };
		BE30F77127DB472D008DDDC4 /* MainView.swift */ = {isa = PBXFileReference; lastKnownFileType = sourcecode.swift; path = MainView.swift; sourceTree = "<group>"; };
		BE33CB9727D5E335001A2DFC /* CNTJewelry.app */ = {isa = PBXFileReference; explicitFileType = wrapper.application; includeInIndex = 0; path = CNTJewelry.app; sourceTree = BUILT_PRODUCTS_DIR; };
		BE33CB9A27D5E335001A2DFC /* CNTJewelryApp.swift */ = {isa = PBXFileReference; lastKnownFileType = sourcecode.swift; path = CNTJewelryApp.swift; sourceTree = "<group>"; };
		BE33CB9C27D5E335001A2DFC /* ContentView.swift */ = {isa = PBXFileReference; lastKnownFileType = sourcecode.swift; path = ContentView.swift; sourceTree = "<group>"; };
		BE33CB9E27D5E33B001A2DFC /* Assets.xcassets */ = {isa = PBXFileReference; lastKnownFileType = folder.assetcatalog; path = Assets.xcassets; sourceTree = "<group>"; };
		BE33CBA127D5E33B001A2DFC /* Preview Assets.xcassets */ = {isa = PBXFileReference; lastKnownFileType = folder.assetcatalog; path = "Preview Assets.xcassets"; sourceTree = "<group>"; };
		BE33CBAC27D5E3F2001A2DFC /* LoginView.swift */ = {isa = PBXFileReference; lastKnownFileType = sourcecode.swift; path = LoginView.swift; sourceTree = "<group>"; };
		BE33CBAE27D5F42C001A2DFC /* LoginViewModel.swift */ = {isa = PBXFileReference; lastKnownFileType = sourcecode.swift; path = LoginViewModel.swift; sourceTree = "<group>"; };
/* End PBXFileReference section */

/* Begin PBXFrameworksBuildPhase section */
		BE33CB9427D5E335001A2DFC /* Frameworks */ = {
			isa = PBXFrameworksBuildPhase;
			buildActionMask = 2147483647;
			files = (
				BE2FA15727DF4A920032DD9C /* HealthKit.framework in Frameworks */,
			);
			runOnlyForDeploymentPostprocessing = 0;
		};
/* End PBXFrameworksBuildPhase section */

/* Begin PBXGroup section */
		BE06AB3427E8843B000B00F1 /* FTUE */ = {
			isa = PBXGroup;
			children = (
				BE06AB3527E8857E000B00F1 /* FTUEView.swift */,
				BE06AB3727E8869C000B00F1 /* FTUE1.swift */,
				BE06AB3927E886AA000B00F1 /* FTUE2.swift */,
				BE06AB3B27E886B6000B00F1 /* FTUE3.swift */,
				BE06AB3D27E886C0000B00F1 /* FTUE4.swift */,
				BE06AB3F27E88E47000B00F1 /* FTUEViewModel.swift */,
			);
			path = FTUE;
			sourceTree = "<group>";
		};
		BE0FE30E27DF503A00AD3219 /* Extensions */ = {
			isa = PBXGroup;
			children = (
				BE0FE30A27DF503500AD3219 /* HKBiologicalSex+StringRepresentation.swift */,
				BE0FE30B27DF503500AD3219 /* HKBloodType+StringRepresentation.swift */,
			);
			path = Extensions;
			sourceTree = "<group>";
		};
		BE2FA15027DF48030032DD9C /* Helpers */ = {
			isa = PBXGroup;
			children = (
				BE2FA14E27DF47AB0032DD9C /* HealthKitSetupAssistant.swift */,
				BE2FA14A27DF474C0032DD9C /* UserHealthProfile.swift */,
				BE2FA14C27DF47830032DD9C /* ProfileDataStore.swift */,
			);
			path = Helpers;
			sourceTree = "<group>";
		};
		BE2FA15527DF4A920032DD9C /* Frameworks */ = {
			isa = PBXGroup;
			children = (
				BE2FA15627DF4A920032DD9C /* HealthKit.framework */,
			);
			name = Frameworks;
			sourceTree = "<group>";
		};
		BE30F76D27DB3DD3008DDDC4 /* Health */ = {
			isa = PBXGroup;
			children = (
				BE0FE30E27DF503A00AD3219 /* Extensions */,
				BE2FA15027DF48030032DD9C /* Helpers */,
				BE30F76E27DB3DF9008DDDC4 /* HealthView.swift */,
				BE2FA15127DF48210032DD9C /* HealthViewModel.swift */,
			);
			path = Health;
			sourceTree = "<group>";
		};
		BE30F77027DB470E008DDDC4 /* Main */ = {
			isa = PBXGroup;
			children = (
				BE30F77127DB472D008DDDC4 /* MainView.swift */,
			);
			path = Main;
			sourceTree = "<group>";
		};
		BE33CB8E27D5E335001A2DFC = {
			isa = PBXGroup;
			children = (
				BE33CB9927D5E335001A2DFC /* CNTJewelry */,
				BE33CB9827D5E335001A2DFC /* Products */,
				BE2FA15527DF4A920032DD9C /* Frameworks */,
			);
			sourceTree = "<group>";
		};
		BE33CB9827D5E335001A2DFC /* Products */ = {
			isa = PBXGroup;
			children = (
				BE33CB9727D5E335001A2DFC /* CNTJewelry.app */,
			);
			name = Products;
			sourceTree = "<group>";
		};
		BE33CB9927D5E335001A2DFC /* CNTJewelry */ = {
			isa = PBXGroup;
			children = (
				BE2FA15427DF4A920032DD9C /* CNTJewelry.entitlements */,
				BE2FA15327DF49CF0032DD9C /* Info.plist */,
				BE33CBA827D5E375001A2DFC /* Modules */,
				BE33CB9A27D5E335001A2DFC /* CNTJewelryApp.swift */,
				BE33CB9C27D5E335001A2DFC /* ContentView.swift */,
				BE33CB9E27D5E33B001A2DFC /* Assets.xcassets */,
				BE33CBA027D5E33B001A2DFC /* Preview Content */,
			);
			path = CNTJewelry;
			sourceTree = "<group>";
		};
		BE33CBA027D5E33B001A2DFC /* Preview Content */ = {
			isa = PBXGroup;
			children = (
				BE33CBA127D5E33B001A2DFC /* Preview Assets.xcassets */,
			);
			path = "Preview Content";
			sourceTree = "<group>";
		};
		BE33CBA827D5E375001A2DFC /* Modules */ = {
			isa = PBXGroup;
			children = (
				BE06AB3427E8843B000B00F1 /* FTUE */,
				BE30F77027DB470E008DDDC4 /* Main */,
				BE33CBA927D5E38C001A2DFC /* Login */,
				BE30F76D27DB3DD3008DDDC4 /* Health */,
			);
			path = Modules;
			sourceTree = "<group>";
		};
		BE33CBA927D5E38C001A2DFC /* Login */ = {
			isa = PBXGroup;
			children = (
				BE33CBAC27D5E3F2001A2DFC /* LoginView.swift */,
				BE33CBAE27D5F42C001A2DFC /* LoginViewModel.swift */,
			);
			path = Login;
			sourceTree = "<group>";
		};
/* End PBXGroup section */

/* Begin PBXNativeTarget section */
		BE33CB9627D5E335001A2DFC /* CNTJewelry */ = {
			isa = PBXNativeTarget;
			buildConfigurationList = BE33CBA527D5E33B001A2DFC /* Build configuration list for PBXNativeTarget "CNTJewelry" */;
			buildPhases = (
				BE33CB9327D5E335001A2DFC /* Sources */,
				BE33CB9427D5E335001A2DFC /* Frameworks */,
				BE33CB9527D5E335001A2DFC /* Resources */,
			);
			buildRules = (
			);
			dependencies = (
			);
			name = CNTJewelry;
			productName = CNTJewelry;
			productReference = BE33CB9727D5E335001A2DFC /* CNTJewelry.app */;
			productType = "com.apple.product-type.application";
		};
/* End PBXNativeTarget section */

/* Begin PBXProject section */
		BE33CB8F27D5E335001A2DFC /* Project object */ = {
			isa = PBXProject;
			attributes = {
				BuildIndependentTargetsInParallel = 1;
				LastSwiftUpdateCheck = 1320;
				LastUpgradeCheck = 1320;
				TargetAttributes = {
					BE33CB9627D5E335001A2DFC = {
						CreatedOnToolsVersion = 13.2.1;
					};
				};
			};
			buildConfigurationList = BE33CB9227D5E335001A2DFC /* Build configuration list for PBXProject "CNTJewelry" */;
			compatibilityVersion = "Xcode 13.0";
			developmentRegion = en;
			hasScannedForEncodings = 0;
			knownRegions = (
				en,
				Base,
			);
			mainGroup = BE33CB8E27D5E335001A2DFC;
			productRefGroup = BE33CB9827D5E335001A2DFC /* Products */;
			projectDirPath = "";
			projectRoot = "";
			targets = (
				BE33CB9627D5E335001A2DFC /* CNTJewelry */,
			);
		};
/* End PBXProject section */

/* Begin PBXResourcesBuildPhase section */
		BE33CB9527D5E335001A2DFC /* Resources */ = {
			isa = PBXResourcesBuildPhase;
			buildActionMask = 2147483647;
			files = (
				BE33CBA227D5E33B001A2DFC /* Preview Assets.xcassets in Resources */,
				BE33CB9F27D5E33B001A2DFC /* Assets.xcassets in Resources */,
			);
			runOnlyForDeploymentPostprocessing = 0;
		};
/* End PBXResourcesBuildPhase section */

/* Begin PBXSourcesBuildPhase section */
		BE33CB9327D5E335001A2DFC /* Sources */ = {
			isa = PBXSourcesBuildPhase;
			buildActionMask = 2147483647;
			files = (
				BE2FA14F27DF47AB0032DD9C /* HealthKitSetupAssistant.swift in Sources */,
				BE2FA14B27DF474C0032DD9C /* UserHealthProfile.swift in Sources */,
				BE2FA14D27DF47830032DD9C /* ProfileDataStore.swift in Sources */,
				BE33CBAF27D5F42C001A2DFC /* LoginViewModel.swift in Sources */,
				BE06AB3E27E886C0000B00F1 /* FTUE4.swift in Sources */,
				BE30F77227DB472D008DDDC4 /* MainView.swift in Sources */,
				BE33CBAD27D5E3F2001A2DFC /* LoginView.swift in Sources */,
				BE33CB9D27D5E335001A2DFC /* ContentView.swift in Sources */,
				BE0FE30C27DF503500AD3219 /* HKBloodType+StringRepresentation.swift in Sources */,
				BE30F76F27DB3DFA008DDDC4 /* HealthView.swift in Sources */,
				BE06AB3827E8869C000B00F1 /* FTUE1.swift in Sources */,
				BE06AB3A27E886AA000B00F1 /* FTUE2.swift in Sources */,
				BE2FA15227DF48210032DD9C /* HealthViewModel.swift in Sources */,
				BE0FE30D27DF503500AD3219 /* HKBiologicalSex+StringRepresentation.swift in Sources */,
				BE06AB4027E88E47000B00F1 /* FTUEViewModel.swift in Sources */,
				BE06AB3C27E886B6000B00F1 /* FTUE3.swift in Sources */,
				BE06AB3627E8857E000B00F1 /* FTUEView.swift in Sources */,
				BE33CB9B27D5E335001A2DFC /* CNTJewelryApp.swift in Sources */,
			);
			runOnlyForDeploymentPostprocessing = 0;
		};
/* End PBXSourcesBuildPhase section */

/* Begin XCBuildConfiguration section */
		BE33CBA327D5E33B001A2DFC /* Debug */ = {
			isa = XCBuildConfiguration;
			buildSettings = {
				ALWAYS_SEARCH_USER_PATHS = NO;
				CLANG_ANALYZER_NONNULL = YES;
				CLANG_ANALYZER_NUMBER_OBJECT_CONVERSION = YES_AGGRESSIVE;
				CLANG_CXX_LANGUAGE_STANDARD = "gnu++17";
				CLANG_CXX_LIBRARY = "libc++";
				CLANG_ENABLE_MODULES = YES;
				CLANG_ENABLE_OBJC_ARC = YES;
				CLANG_ENABLE_OBJC_WEAK = YES;
				CLANG_WARN_BLOCK_CAPTURE_AUTORELEASING = YES;
				CLANG_WARN_BOOL_CONVERSION = YES;
				CLANG_WARN_COMMA = YES;
				CLANG_WARN_CONSTANT_CONVERSION = YES;
				CLANG_WARN_DEPRECATED_OBJC_IMPLEMENTATIONS = YES;
				CLANG_WARN_DIRECT_OBJC_ISA_USAGE = YES_ERROR;
				CLANG_WARN_DOCUMENTATION_COMMENTS = YES;
				CLANG_WARN_EMPTY_BODY = YES;
				CLANG_WARN_ENUM_CONVERSION = YES;
				CLANG_WARN_INFINITE_RECURSION = YES;
				CLANG_WARN_INT_CONVERSION = YES;
				CLANG_WARN_NON_LITERAL_NULL_CONVERSION = YES;
				CLANG_WARN_OBJC_IMPLICIT_RETAIN_SELF = YES;
				CLANG_WARN_OBJC_LITERAL_CONVERSION = YES;
				CLANG_WARN_OBJC_ROOT_CLASS = YES_ERROR;
				CLANG_WARN_QUOTED_INCLUDE_IN_FRAMEWORK_HEADER = YES;
				CLANG_WARN_RANGE_LOOP_ANALYSIS = YES;
				CLANG_WARN_STRICT_PROTOTYPES = YES;
				CLANG_WARN_SUSPICIOUS_MOVE = YES;
				CLANG_WARN_UNGUARDED_AVAILABILITY = YES_AGGRESSIVE;
				CLANG_WARN_UNREACHABLE_CODE = YES;
				CLANG_WARN__DUPLICATE_METHOD_MATCH = YES;
				COPY_PHASE_STRIP = NO;
				DEBUG_INFORMATION_FORMAT = dwarf;
				ENABLE_STRICT_OBJC_MSGSEND = YES;
				ENABLE_TESTABILITY = YES;
				GCC_C_LANGUAGE_STANDARD = gnu11;
				GCC_DYNAMIC_NO_PIC = NO;
				GCC_NO_COMMON_BLOCKS = YES;
				GCC_OPTIMIZATION_LEVEL = 0;
				GCC_PREPROCESSOR_DEFINITIONS = (
					"DEBUG=1",
					"$(inherited)",
				);
				GCC_WARN_64_TO_32_BIT_CONVERSION = YES;
				GCC_WARN_ABOUT_RETURN_TYPE = YES_ERROR;
				GCC_WARN_UNDECLARED_SELECTOR = YES;
				GCC_WARN_UNINITIALIZED_AUTOS = YES_AGGRESSIVE;
				GCC_WARN_UNUSED_FUNCTION = YES;
				GCC_WARN_UNUSED_VARIABLE = YES;
				IPHONEOS_DEPLOYMENT_TARGET = 15.2;
				MTL_ENABLE_DEBUG_INFO = INCLUDE_SOURCE;
				MTL_FAST_MATH = YES;
				ONLY_ACTIVE_ARCH = YES;
				SDKROOT = iphoneos;
				SWIFT_ACTIVE_COMPILATION_CONDITIONS = DEBUG;
				SWIFT_OPTIMIZATION_LEVEL = "-Onone";
			};
			name = Debug;
		};
		BE33CBA427D5E33B001A2DFC /* Release */ = {
			isa = XCBuildConfiguration;
			buildSettings = {
				ALWAYS_SEARCH_USER_PATHS = NO;
				CLANG_ANALYZER_NONNULL = YES;
				CLANG_ANALYZER_NUMBER_OBJECT_CONVERSION = YES_AGGRESSIVE;
				CLANG_CXX_LANGUAGE_STANDARD = "gnu++17";
				CLANG_CXX_LIBRARY = "libc++";
				CLANG_ENABLE_MODULES = YES;
				CLANG_ENABLE_OBJC_ARC = YES;
				CLANG_ENABLE_OBJC_WEAK = YES;
				CLANG_WARN_BLOCK_CAPTURE_AUTORELEASING = YES;
				CLANG_WARN_BOOL_CONVERSION = YES;
				CLANG_WARN_COMMA = YES;
				CLANG_WARN_CONSTANT_CONVERSION = YES;
				CLANG_WARN_DEPRECATED_OBJC_IMPLEMENTATIONS = YES;
				CLANG_WARN_DIRECT_OBJC_ISA_USAGE = YES_ERROR;
				CLANG_WARN_DOCUMENTATION_COMMENTS = YES;
				CLANG_WARN_EMPTY_BODY = YES;
				CLANG_WARN_ENUM_CONVERSION = YES;
				CLANG_WARN_INFINITE_RECURSION = YES;
				CLANG_WARN_INT_CONVERSION = YES;
				CLANG_WARN_NON_LITERAL_NULL_CONVERSION = YES;
				CLANG_WARN_OBJC_IMPLICIT_RETAIN_SELF = YES;
				CLANG_WARN_OBJC_LITERAL_CONVERSION = YES;
				CLANG_WARN_OBJC_ROOT_CLASS = YES_ERROR;
				CLANG_WARN_QUOTED_INCLUDE_IN_FRAMEWORK_HEADER = YES;
				CLANG_WARN_RANGE_LOOP_ANALYSIS = YES;
				CLANG_WARN_STRICT_PROTOTYPES = YES;
				CLANG_WARN_SUSPICIOUS_MOVE = YES;
				CLANG_WARN_UNGUARDED_AVAILABILITY = YES_AGGRESSIVE;
				CLANG_WARN_UNREACHABLE_CODE = YES;
				CLANG_WARN__DUPLICATE_METHOD_MATCH = YES;
				COPY_PHASE_STRIP = NO;
				DEBUG_INFORMATION_FORMAT = "dwarf-with-dsym";
				ENABLE_NS_ASSERTIONS = NO;
				ENABLE_STRICT_OBJC_MSGSEND = YES;
				GCC_C_LANGUAGE_STANDARD = gnu11;
				GCC_NO_COMMON_BLOCKS = YES;
				GCC_WARN_64_TO_32_BIT_CONVERSION = YES;
				GCC_WARN_ABOUT_RETURN_TYPE = YES_ERROR;
				GCC_WARN_UNDECLARED_SELECTOR = YES;
				GCC_WARN_UNINITIALIZED_AUTOS = YES_AGGRESSIVE;
				GCC_WARN_UNUSED_FUNCTION = YES;
				GCC_WARN_UNUSED_VARIABLE = YES;
				IPHONEOS_DEPLOYMENT_TARGET = 15.2;
				MTL_ENABLE_DEBUG_INFO = NO;
				MTL_FAST_MATH = YES;
				SDKROOT = iphoneos;
				SWIFT_COMPILATION_MODE = wholemodule;
				SWIFT_OPTIMIZATION_LEVEL = "-O";
				VALIDATE_PRODUCT = YES;
			};
			name = Release;
		};
		BE33CBA627D5E33B001A2DFC /* Debug */ = {
			isa = XCBuildConfiguration;
			buildSettings = {
				ASSETCATALOG_COMPILER_APPICON_NAME = AppIcon;
				ASSETCATALOG_COMPILER_GLOBAL_ACCENT_COLOR_NAME = AccentColor;
				CODE_SIGN_ENTITLEMENTS = CNTJewelry/CNTJewelry.entitlements;
				CODE_SIGN_STYLE = Automatic;
				CURRENT_PROJECT_VERSION = 1;
				DEVELOPMENT_ASSET_PATHS = "\"CNTJewelry/Preview Content\"";
				ENABLE_PREVIEWS = YES;
				GENERATE_INFOPLIST_FILE = YES;
				INFOPLIST_FILE = CNTJewelry/Info.plist;
				INFOPLIST_KEY_NSFaceIDUsageDescription = "Please allow FaceID";
				INFOPLIST_KEY_NSHealthShareUsageDescription = "We will allow sharing of health info";
				INFOPLIST_KEY_NSHealthUpdateUsageDescription = "We will allow usage of health info";
				INFOPLIST_KEY_UIApplicationSceneManifest_Generation = YES;
				INFOPLIST_KEY_UIApplicationSupportsIndirectInputEvents = YES;
				INFOPLIST_KEY_UILaunchScreen_Generation = YES;
				INFOPLIST_KEY_UISupportedInterfaceOrientations_iPad = "UIInterfaceOrientationPortrait UIInterfaceOrientationPortraitUpsideDown UIInterfaceOrientationLandscapeLeft UIInterfaceOrientationLandscapeRight";
				INFOPLIST_KEY_UISupportedInterfaceOrientations_iPhone = "UIInterfaceOrientationPortrait UIInterfaceOrientationLandscapeLeft UIInterfaceOrientationLandscapeRight";
				LD_RUNPATH_SEARCH_PATHS = (
					"$(inherited)",
					"@executable_path/Frameworks",
				);
				MARKETING_VERSION = 1.0;
				PRODUCT_BUNDLE_IDENTIFIER = "jeff-tabios.CNTJewelry";
				PRODUCT_NAME = "$(TARGET_NAME)";
				SWIFT_EMIT_LOC_STRINGS = YES;
				SWIFT_VERSION = 5.0;
				TARGETED_DEVICE_FAMILY = "1,2";
			};
			name = Debug;
		};
		BE33CBA727D5E33B001A2DFC /* Release */ = {
			isa = XCBuildConfiguration;
			buildSettings = {
				ASSETCATALOG_COMPILER_APPICON_NAME = AppIcon;
				ASSETCATALOG_COMPILER_GLOBAL_ACCENT_COLOR_NAME = AccentColor;
				CODE_SIGN_ENTITLEMENTS = CNTJewelry/CNTJewelry.entitlements;
				CODE_SIGN_STYLE = Automatic;
				CURRENT_PROJECT_VERSION = 1;
				DEVELOPMENT_ASSET_PATHS = "\"CNTJewelry/Preview Content\"";
				ENABLE_PREVIEWS = YES;
				GENERATE_INFOPLIST_FILE = YES;
				INFOPLIST_FILE = CNTJewelry/Info.plist;
				INFOPLIST_KEY_NSFaceIDUsageDescription = "Please allow FaceID";
				INFOPLIST_KEY_NSHealthShareUsageDescription = "We will allow sharing of health info";
				INFOPLIST_KEY_NSHealthUpdateUsageDescription = "We will allow usage of health info";
				INFOPLIST_KEY_UIApplicationSceneManifest_Generation = YES;
				INFOPLIST_KEY_UIApplicationSupportsIndirectInputEvents = YES;
				INFOPLIST_KEY_UILaunchScreen_Generation = YES;
				INFOPLIST_KEY_UISupportedInterfaceOrientations_iPad = "UIInterfaceOrientationPortrait UIInterfaceOrientationPortraitUpsideDown UIInterfaceOrientationLandscapeLeft UIInterfaceOrientationLandscapeRight";
				INFOPLIST_KEY_UISupportedInterfaceOrientations_iPhone = "UIInterfaceOrientationPortrait UIInterfaceOrientationLandscapeLeft UIInterfaceOrientationLandscapeRight";
				LD_RUNPATH_SEARCH_PATHS = (
					"$(inherited)",
					"@executable_path/Frameworks",
				);
				MARKETING_VERSION = 1.0;
				PRODUCT_BUNDLE_IDENTIFIER = "jeff-tabios.CNTJewelry";
				PRODUCT_NAME = "$(TARGET_NAME)";
				SWIFT_EMIT_LOC_STRINGS = YES;
				SWIFT_VERSION = 5.0;
				TARGETED_DEVICE_FAMILY = "1,2";
			};
			name = Release;
		};
/* End XCBuildConfiguration section */

/* Begin XCConfigurationList section */
		BE33CB9227D5E335001A2DFC /* Build configuration list for PBXProject "CNTJewelry" */ = {
			isa = XCConfigurationList;
			buildConfigurations = (
				BE33CBA327D5E33B001A2DFC /* Debug */,
				BE33CBA427D5E33B001A2DFC /* Release */,
			);
			defaultConfigurationIsVisible = 0;
			defaultConfigurationName = Release;
		};
		BE33CBA527D5E33B001A2DFC /* Build configuration list for PBXNativeTarget "CNTJewelry" */ = {
			isa = XCConfigurationList;
			buildConfigurations = (
				BE33CBA627D5E33B001A2DFC /* Debug */,
				BE33CBA727D5E33B001A2DFC /* Release */,
			);
			defaultConfigurationIsVisible = 0;
			defaultConfigurationName = Release;
		};
/* End XCConfigurationList section */
	};
	rootObject = BE33CB8F27D5E335001A2DFC /* Project object */;
}
